{
  "name": "agentic-config-pi-root",
  "version": "0.2.6",
  "lockfileVersion": 3,
  "requires": true,
  "packages": {
    "": {
      "name": "agentic-config-pi-root",
      "version": "0.2.6",
      "license": "MIT",
      "dependencies": {
        "@agentic-config/pi-ac-audit": "file:packages/pi-ac-audit",
        "@agentic-config/pi-ac-git": "file:packages/pi-ac-git",
        "@agentic-config/pi-ac-meta": "file:packages/pi-ac-meta",
        "@agentic-config/pi-ac-qa": "file:packages/pi-ac-qa",
        "@agentic-config/pi-ac-safety": "file:packages/pi-ac-safety",
        "@agentic-config/pi-ac-tools": "file:packages/pi-ac-tools",
        "@agentic-config/pi-ac-workflow": "file:packages/pi-ac-workflow",
        "@agentic-config/pi-compat": "file:packages/pi-compat"
      }
    },
    "node_modules/@agentic-config/pi-ac-audit": {
      "resolved": "packages/pi-ac-audit",
      "link": true
    },
    "node_modules/@agentic-config/pi-ac-git": {
      "resolved": "packages/pi-ac-git",
      "link": true
    },
    "node_modules/@agentic-config/pi-ac-meta": {
      "resolved": "packages/pi-ac-meta",
      "link": true
    },
    "node_modules/@agentic-config/pi-ac-qa": {
      "resolved": "packages/pi-ac-qa",
      "link": true
    },
    "node_modules/@agentic-config/pi-ac-safety": {
      "resolved": "packages/pi-ac-safety",
      "link": true
    },
    "node_modules/@agentic-config/pi-ac-tools": {
      "resolved": "packages/pi-ac-tools",
      "link": true
    },
    "node_modules/@agentic-config/pi-ac-workflow": {
      "resolved": "packages/pi-ac-workflow",
      "link": true
    },
    "node_modules/@agentic-config/pi-compat": {
      "resolved": "packages/pi-compat",
      "link": true
    },
    "packages/pi-ac-audit": {
      "name": "@agentic-config/pi-ac-audit",
      "version": "0.2.6",
      "bundleDependencies": [
        "@agentic-config/pi-compat"
      ],
      "license": "MIT",
      "dependencies": {
        "@agentic-config/pi-compat": "0.2.6"
      }
    },
    "packages/pi-ac-git": {
      "name": "@agentic-config/pi-ac-git",
      "version": "0.2.6",
      "bundleDependencies": [
        "@agentic-config/pi-compat"
      ],
      "license": "MIT",
      "dependencies": {
        "@agentic-config/pi-compat": "0.2.6"
      }
    },
    "packages/pi-ac-meta": {
      "name": "@agentic-config/pi-ac-meta",
      "version": "0.2.6",
      "license": "MIT"
    },
    "packages/pi-ac-qa": {
      "name": "@agentic-config/pi-ac-qa",
      "version": "0.2.6",
      "bundleDependencies": [
        "@agentic-config/pi-compat"
      ],
      "license": "MIT",
      "dependencies": {
        "@agentic-config/pi-compat": "0.2.6"
      }
    },
    "packages/pi-ac-safety": {
      "name": "@agentic-config/pi-ac-safety",
      "version": "0.2.6",
      "bundleDependencies": [
        "@agentic-config/pi-compat"
      ],
      "license": "MIT",
      "dependencies": {
        "@agentic-config/pi-compat": "0.2.6"
      }
    },
    "packages/pi-ac-tools": {
      "name": "@agentic-config/pi-ac-tools",
      "version": "0.2.6",
      "bundleDependencies": [
        "@agentic-config/pi-compat"
      ],
      "license": "MIT",
      "dependencies": {
        "@agentic-config/pi-compat": "0.2.6"
      }
    },
    "packages/pi-ac-workflow": {
      "name": "@agentic-config/pi-ac-workflow",
      "version": "0.2.6",
      "license": "MIT"
    },
    "packages/pi-compat": {
      "name": "@agentic-config/pi-compat",
      "version": "0.2.6",
      "license": "MIT"
    }
  }
}
